
Microsoft Visual Studio Solution File, Format Version 12.00
# Visual Studio Version 17
VisualStudioVersion = 17.4.33122.133
MinimumVisualStudioVersion = 10.0.40219.1
Project("{FAE04EC0-301F-11D3-BF4B-00C04F79EFBC}") = "Cardano", "Cardano\Cardano.csproj", "{B9F5E339-6CC7-45E4-A632-D83DBB3C6796}"
EndProject
Global
	GlobalSection(SolutionConfigurationPlatforms) = preSolution
		Debug|Any CPU = Debug|Any CPU
		Release|Any CPU = Release|Any CPU
	EndGlobalSection
	GlobalSection(ProjectConfigurationPlatforms) = postSolution
		{B9F5E339-6CC7-45E4-A632-D83DBB3C6796}.Debug|Any CPU.ActiveCfg = Debug|Any CPU
		{B9F5E339-6CC7-45E4-A632-D83DBB3C6796}.Debug|Any CPU.Build.0 = Debug|Any CPU
		{B9F5E339-6CC7-45E4-A632-D83DBB3C6796}.Release|Any CPU.ActiveCfg = Release|Any CPU
		{B9F5E339-6CC7-45E4-A632-D83DBB3C6796}.Release|Any CPU.Build.0 = Release|Any CPU
	EndGlobalSection
	GlobalSection(SolutionProperties) = preSolution
		HideSolutionNode = FALSE
	EndGlobalSection
	GlobalSection(ExtensibilityGlobals) = postSolution
		SolutionGuid = {7E5CA3D6-7DD9-47C7-A5C5-8E1C4151A846}
	EndGlobalSection
EndGlobal
